
Microsoft Visual Studio Solution File, Format Version 12.00
# Visual Studio Version 17
VisualStudioVersion = 17.4.33110.190
MinimumVisualStudioVersion = 10.0.40219.1
Project("{FAE04EC0-301F-11D3-BF4B-00C04F79EFBC}") = "MathLaborationFirst", "MathLaborationFirst\MathLaborationFirst.csproj", "{92E654BB-8212-482A-80E9-DA40A2E9E973}"
EndProject
Global
	GlobalSection(SolutionConfigurationPlatforms) = preSolution
		Debug|Any CPU = Debug|Any CPU
		Release|Any CPU = Release|Any CPU
	EndGlobalSection
	GlobalSection(ProjectConfigurationPlatforms) = postSolution
		{92E654BB-8212-482A-80E9-DA40A2E9E973}.Debug|Any CPU.ActiveCfg = Debug|Any CPU
		{92E654BB-8212-482A-80E9-DA40A2E9E973}.Debug|Any CPU.Build.0 = Debug|Any CPU
		{92E654BB-8212-482A-80E9-DA40A2E9E973}.Release|Any CPU.ActiveCfg = Release|Any CPU
		{92E654BB-8212-482A-80E9-DA40A2E9E973}.Release|Any CPU.Build.0 = Release|Any CPU
	EndGlobalSection
	GlobalSection(SolutionProperties) = preSolution
		HideSolutionNode = FALSE
	EndGlobalSection
	GlobalSection(ExtensibilityGlobals) = postSolution
		SolutionGuid = {0E3BA631-4D78-4DF0-B2FE-F71B9F5C32BB}
	EndGlobalSection
EndGlobal
